<?xml version="1.0" encoding="utf-8"?>
<Project ToolsVersion="4.0" xmlns="http://schemas.microsoft.com/developer/msbuild/2003">
  <ItemGroup>
    <ClCompile Include="src\geometry\camera.cpp" />
    <ClCompile Include="src\geometry\geometrie.cpp" />
    <ClCompile Include="src\geometry\plane3d.cpp" />
    <ClCompile Include="src\geometry\segment.cpp" />
    <ClCompile Include="src\geometry\solid3d.cpp" />
    <ClCompile Include="src\geometry\vector.cpp" />
    <ClCompile Include="src\main.cpp" />
    <ClCompile Include="src\Menu.cpp" />
    <ClCompile Include="src\menu\button.cpp" />
    <ClCompile Include="src\menu\texts.cpp" />
    <ClCompile Include="src\utils\foldersAndTexts.cpp" />
    <ClCompile Include="src\utils\mouse.cpp" />
    <ClCompile Include="src\utils\tools.cpp" />
  </ItemGroup>
  <ItemGroup>
    <ClInclude Include="src\Menu.hpp" />
    <ClInclude Include="src\menu\button.hpp" />
    <ClInclude Include="src\geometry\camera.hpp" />
    <ClInclude Include="src\geometry\geometrie.hpp" />
    <ClInclude Include="src\geometry\plane3d.hpp" />
    <ClInclude Include="src\geometry\segment.hpp" />
    <ClInclude Include="src\geometry\solid3d.hpp" />
    <ClInclude Include="src\geometry\vector.hpp" />
    <ClInclude Include="src\menu\texts.hpp" />
    <ClInclude Include="src\utils\foldersAndTexts.hpp" />
    <ClInclude Include="src\utils\mouse.hpp" />
    <ClInclude Include="src\utils\tools.hpp" />
    <ClInclude Include="src\utils\parameters.hpp" />
  </ItemGroup>
</Project>